
Microsoft Visual Studio Solution File, Format Version 12.00
# Visual Studio Version 17
VisualStudioVersion = 17.11.35327.3
MinimumVisualStudioVersion = 10.0.40219.1
Project("{FAE04EC0-301F-11D3-BF4B-00C04F79EFBC}") = "Codigo2024Clase24", "Codigo2024Clase24\Codigo2024Clase24.csproj", "{84F96CE5-BDD8-4C2E-9E7E-9227885AED65}"
EndProject
Global
	GlobalSection(SolutionConfigurationPlatforms) = preSolution
		Debug|Any CPU = Debug|Any CPU
		Release|Any CPU = Release|Any CPU
	EndGlobalSection
	GlobalSection(ProjectConfigurationPlatforms) = postSolution
		{84F96CE5-BDD8-4C2E-9E7E-9227885AED65}.Debug|Any CPU.ActiveCfg = Debug|Any CPU
		{84F96CE5-BDD8-4C2E-9E7E-9227885AED65}.Debug|Any CPU.Build.0 = Debug|Any CPU
		{84F96CE5-BDD8-4C2E-9E7E-9227885AED65}.Release|Any CPU.ActiveCfg = Release|Any CPU
		{84F96CE5-BDD8-4C2E-9E7E-9227885AED65}.Release|Any CPU.Build.0 = Release|Any CPU
	EndGlobalSection
	GlobalSection(SolutionProperties) = preSolution
		HideSolutionNode = FALSE
	EndGlobalSection
	GlobalSection(ExtensibilityGlobals) = postSolution
		SolutionGuid = {DE5939BF-C877-4C3A-9A04-EE4ED2F7CFFD}
	EndGlobalSection
EndGlobal
